
Microsoft Visual Studio Solution File, Format Version 12.00
# Visual Studio 15
VisualStudioVersion = 15.0.27130.2027
MinimumVisualStudioVersion = 10.0.40219.1
Project("{FAE04EC0-301F-11D3-BF4B-00C04F79EFBC}") = "Arrays", "Algorithms\Arrays.csproj", "{2B780C3E-E3AB-4370-AA0E-8C6F5D53BF38}"
EndProject
Project("{FAE04EC0-301F-11D3-BF4B-00C04F79EFBC}") = "TestOutPut", "TestOutPut\TestOutPut.csproj", "{099AE4E2-4012-4F5E-ACDB-346437A89258}"
EndProject
Project("{9A19103F-16F7-4668-BE54-9A1E7A4F7556}") = "CSharpSharpeningTests", "CSharpSharpeningTests\CSharpSharpeningTests.csproj", "{7C193C45-C4D6-44E8-9F26-CEAD3ECD9CEF}"
EndProject
Project("{FAE04EC0-301F-11D3-BF4B-00C04F79EFBC}") = "AlgoToolPracticeProblems", "AlgoToolPracticeProblems\AlgoToolPracticeProblems.csproj", "{37D1A31E-2A17-40BA-810F-4766A64F41C5}"
EndProject
Project("{FAE04EC0-301F-11D3-BF4B-00C04F79EFBC}") = "CsharpBasics", "CsharpBasics\CsharpBasics.csproj", "{0A46072D-534A-489C-A373-0321A4DC4A90}"
EndProject
Project("{FAE04EC0-301F-11D3-BF4B-00C04F79EFBC}") = "Threading", "Threading\Threading.csproj", "{A860C58C-11CD-42DD-8305-A2A9DCBA2911}"
EndProject
Project("{FAE04EC0-301F-11D3-BF4B-00C04F79EFBC}") = "C1Week2", "Week2\C1Week2.csproj", "{4F9E3B15-851D-4CFD-95EC-711A612BC004}"
EndProject
Project("{FAE04EC0-301F-11D3-BF4B-00C04F79EFBC}") = "C1Week3", "Week3\C1Week3.csproj", "{17E75BDF-8D7A-403A-A3B1-DFF27C3356C2}"
EndProject
Project("{FAE04EC0-301F-11D3-BF4B-00C04F79EFBC}") = "Trees", "Trees\Trees.csproj", "{71B8F0D5-2528-4F99-AE6F-62541723CF6B}"
EndProject
Project("{FAE04EC0-301F-11D3-BF4B-00C04F79EFBC}") = "Sorts", "Sorts\Sorts.csproj", "{D85F46FB-372E-4F60-AD0D-9EB8E3FCD5A3}"
EndProject
Project("{FAE04EC0-301F-11D3-BF4B-00C04F79EFBC}") = "LeetCode", "LeetCode\LeetCode.csproj", "{8A46F07C-0E32-4144-A23A-9C45CDFCC167}"
EndProject
Project("{FAE04EC0-301F-11D3-BF4B-00C04F79EFBC}") = "C1Week4", "Week4\C1Week4.csproj", "{2F559784-6BFC-4527-82CE-2C5E0CE36C78}"
EndProject
Project("{FAE04EC0-301F-11D3-BF4B-00C04F79EFBC}") = "UnitTestProject1", "UnitTestProject1\UnitTestProject1.csproj", "{1567B6B6-CE83-4324-80DD-1C19544BB55A}"
EndProject
Project("{FAE04EC0-301F-11D3-BF4B-00C04F79EFBC}") = "LinkedListNew", "LinkedListNew\LinkedListNew.csproj", "{ECA0BD37-03B4-4BE1-8637-E42BBC9B2203}"
EndProject
Project("{2150E333-8FDC-42A3-9474-1A3956D46DE8}") = "AlgoToolBox", "AlgoToolBox", "{5CA40268-EB1E-47B0-A07D-DB7580586701}"
EndProject
Project("{2150E333-8FDC-42A3-9474-1A3956D46DE8}") = "DataStructuresImpl", "DataStructuresImpl", "{E3AA0E11-2E8A-4FCC-ACF4-EC677A0F6D50}"
EndProject
Project("{2150E333-8FDC-42A3-9474-1A3956D46DE8}") = "BasicDataStructures", "BasicDataStructures", "{1CFBDDEB-2336-4F36-B1C5-0FD6D8B1CA5B}"
EndProject
Project("{FAE04EC0-301F-11D3-BF4B-00C04F79EFBC}") = "C2Week1", "C2Week1\C2Week1.csproj", "{39256C44-0CD6-4EE3-B345-3DE44C892E4E}"
EndProject
Project("{FAE04EC0-301F-11D3-BF4B-00C04F79EFBC}") = "MyStack", "MyStack\MyStack.csproj", "{4B759D65-0F49-42E9-8B3B-41C05AA55450}"
EndProject
Project("{FAE04EC0-301F-11D3-BF4B-00C04F79EFBC}") = "BasicDSTests", "BasicDSTests\BasicDSTests.csproj", "{62D50A73-DF9D-4288-8FE0-48D719EEBAC9}"
EndProject
Project("{9A19103F-16F7-4668-BE54-9A1E7A4F7556}") = "PriorityQueue", "PriorityQueue\PriorityQueue.csproj", "{85314C56-E3FE-4E72-A490-7EA4F5E6BFF4}"
EndProject
Project("{FAE04EC0-301F-11D3-BF4B-00C04F79EFBC}") = "C1Week5", "C1Week5\C1Week5.csproj", "{1D1CAC8F-4AD6-4C78-85E4-91164822A9CD}"
EndProject
Global
	GlobalSection(SolutionConfigurationPlatforms) = preSolution
		Debug|Any CPU = Debug|Any CPU
		Debug|x64 = Debug|x64
		Debug|x86 = Debug|x86
		Release|Any CPU = Release|Any CPU
		Release|x64 = Release|x64
		Release|x86 = Release|x86
	EndGlobalSection
	GlobalSection(ProjectConfigurationPlatforms) = postSolution
		{2B780C3E-E3AB-4370-AA0E-8C6F5D53BF38}.Debug|Any CPU.ActiveCfg = Debug|Any CPU
		{2B780C3E-E3AB-4370-AA0E-8C6F5D53BF38}.Debug|Any CPU.Build.0 = Debug|Any CPU
		{2B780C3E-E3AB-4370-AA0E-8C6F5D53BF38}.Debug|x64.ActiveCfg = Debug|Any CPU
		{2B780C3E-E3AB-4370-AA0E-8C6F5D53BF38}.Debug|x64.Build.0 = Debug|Any CPU
		{2B780C3E-E3AB-4370-AA0E-8C6F5D53BF38}.Debug|x86.ActiveCfg = Debug|Any CPU
		{2B780C3E-E3AB-4370-AA0E-8C6F5D53BF38}.Debug|x86.Build.0 = Debug|Any CPU
		{2B780C3E-E3AB-4370-AA0E-8C6F5D53BF38}.Release|Any CPU.ActiveCfg = Release|Any CPU
		{2B780C3E-E3AB-4370-AA0E-8C6F5D53BF38}.Release|Any CPU.Build.0 = Release|Any CPU
		{2B780C3E-E3AB-4370-AA0E-8C6F5D53BF38}.Release|x64.ActiveCfg = Release|Any CPU
		{2B780C3E-E3AB-4370-AA0E-8C6F5D53BF38}.Release|x64.Build.0 = Release|Any CPU
		{2B780C3E-E3AB-4370-AA0E-8C6F5D53BF38}.Release|x86.ActiveCfg = Release|Any CPU
		{2B780C3E-E3AB-4370-AA0E-8C6F5D53BF38}.Release|x86.Build.0 = Release|Any CPU
		{099AE4E2-4012-4F5E-ACDB-346437A89258}.Debug|Any CPU.ActiveCfg = Debug|Any CPU
		{099AE4E2-4012-4F5E-ACDB-346437A89258}.Debug|Any CPU.Build.0 = Debug|Any CPU
		{099AE4E2-4012-4F5E-ACDB-346437A89258}.Debug|x64.ActiveCfg = Debug|Any CPU
		{099AE4E2-4012-4F5E-ACDB-346437A89258}.Debug|x64.Build.0 = Debug|Any CPU
		{099AE4E2-4012-4F5E-ACDB-346437A89258}.Debug|x86.ActiveCfg = Debug|Any CPU
		{099AE4E2-4012-4F5E-ACDB-346437A89258}.Debug|x86.Build.0 = Debug|Any CPU
		{099AE4E2-4012-4F5E-ACDB-346437A89258}.Release|Any CPU.ActiveCfg = Release|Any CPU
		{099AE4E2-4012-4F5E-ACDB-346437A89258}.Release|Any CPU.Build.0 = Release|Any CPU
		{099AE4E2-4012-4F5E-ACDB-346437A89258}.Release|x64.ActiveCfg = Release|Any CPU
		{099AE4E2-4012-4F5E-ACDB-346437A89258}.Release|x64.Build.0 = Release|Any CPU
		{099AE4E2-4012-4F5E-ACDB-346437A89258}.Release|x86.ActiveCfg = Release|Any CPU
		{099AE4E2-4012-4F5E-ACDB-346437A89258}.Release|x86.Build.0 = Release|Any CPU
		{7C193C45-C4D6-44E8-9F26-CEAD3ECD9CEF}.Debug|Any CPU.ActiveCfg = Debug|Any CPU
		{7C193C45-C4D6-44E8-9F26-CEAD3ECD9CEF}.Debug|Any CPU.Build.0 = Debug|Any CPU
		{7C193C45-C4D6-44E8-9F26-CEAD3ECD9CEF}.Debug|x64.ActiveCfg = Debug|Any CPU
		{7C193C45-C4D6-44E8-9F26-CEAD3ECD9CEF}.Debug|x64.Build.0 = Debug|Any CPU
		{7C193C45-C4D6-44E8-9F26-CEAD3ECD9CEF}.Debug|x86.ActiveCfg = Debug|Any CPU
		{7C193C45-C4D6-44E8-9F26-CEAD3ECD9CEF}.Debug|x86.Build.0 = Debug|Any CPU
		{7C193C45-C4D6-44E8-9F26-CEAD3ECD9CEF}.Release|Any CPU.ActiveCfg = Release|Any CPU
		{7C193C45-C4D6-44E8-9F26-CEAD3ECD9CEF}.Release|Any CPU.Build.0 = Release|Any CPU
		{7C193C45-C4D6-44E8-9F26-CEAD3ECD9CEF}.Release|x64.ActiveCfg = Release|Any CPU
		{7C193C45-C4D6-44E8-9F26-CEAD3ECD9CEF}.Release|x64.Build.0 = Release|Any CPU
		{7C193C45-C4D6-44E8-9F26-CEAD3ECD9CEF}.Release|x86.ActiveCfg = Release|Any CPU
		{7C193C45-C4D6-44E8-9F26-CEAD3ECD9CEF}.Release|x86.Build.0 = Release|Any CPU
		{37D1A31E-2A17-40BA-810F-4766A64F41C5}.Debug|Any CPU.ActiveCfg = Debug|Any CPU
		{37D1A31E-2A17-40BA-810F-4766A64F41C5}.Debug|Any CPU.Build.0 = Debug|Any CPU
		{37D1A31E-2A17-40BA-810F-4766A64F41C5}.Debug|x64.ActiveCfg = Debug|Any CPU
		{37D1A31E-2A17-40BA-810F-4766A64F41C5}.Debug|x64.Build.0 = Debug|Any CPU
		{37D1A31E-2A17-40BA-810F-4766A64F41C5}.Debug|x86.ActiveCfg = Debug|Any CPU
		{37D1A31E-2A17-40BA-810F-4766A64F41C5}.Debug|x86.Build.0 = Debug|Any CPU
		{37D1A31E-2A17-40BA-810F-4766A64F41C5}.Release|Any CPU.ActiveCfg = Release|Any CPU
		{37D1A31E-2A17-40BA-810F-4766A64F41C5}.Release|Any CPU.Build.0 = Release|Any CPU
		{37D1A31E-2A17-40BA-810F-4766A64F41C5}.Release|x64.ActiveCfg = Release|Any CPU
		{37D1A31E-2A17-40BA-810F-4766A64F41C5}.Release|x64.Build.0 = Release|Any CPU
		{37D1A31E-2A17-40BA-810F-4766A64F41C5}.Release|x86.ActiveCfg = Release|Any CPU
		{37D1A31E-2A17-40BA-810F-4766A64F41C5}.Release|x86.Build.0 = Release|Any CPU
		{0A46072D-534A-489C-A373-0321A4DC4A90}.Debug|Any CPU.ActiveCfg = Debug|Any CPU
		{0A46072D-534A-489C-A373-0321A4DC4A90}.Debug|Any CPU.Build.0 = Debug|Any CPU
		{0A46072D-534A-489C-A373-0321A4DC4A90}.Debug|x64.ActiveCfg = Debug|Any CPU
		{0A46072D-534A-489C-A373-0321A4DC4A90}.Debug|x64.Build.0 = Debug|Any CPU
		{0A46072D-534A-489C-A373-0321A4DC4A90}.Debug|x86.ActiveCfg = Debug|Any CPU
		{0A46072D-534A-489C-A373-0321A4DC4A90}.Debug|x86.Build.0 = Debug|Any CPU
		{0A46072D-534A-489C-A373-0321A4DC4A90}.Release|Any CPU.ActiveCfg = Release|Any CPU
		{0A46072D-534A-489C-A373-0321A4DC4A90}.Release|Any CPU.Build.0 = Release|Any CPU
		{0A46072D-534A-489C-A373-0321A4DC4A90}.Release|x64.ActiveCfg = Release|Any CPU
		{0A46072D-534A-489C-A373-0321A4DC4A90}.Release|x64.Build.0 = Release|Any CPU
		{0A46072D-534A-489C-A373-0321A4DC4A90}.Release|x86.ActiveCfg = Release|Any CPU
		{0A46072D-534A-489C-A373-0321A4DC4A90}.Release|x86.Build.0 = Release|Any CPU
		{A860C58C-11CD-42DD-8305-A2A9DCBA2911}.Debug|Any CPU.ActiveCfg = Debug|Any CPU
		{A860C58C-11CD-42DD-8305-A2A9DCBA2911}.Debug|Any CPU.Build.0 = Debug|Any CPU
		{A860C58C-11CD-42DD-8305-A2A9DCBA2911}.Debug|x64.ActiveCfg = Debug|Any CPU
		{A860C58C-11CD-42DD-8305-A2A9DCBA2911}.Debug|x64.Build.0 = Debug|Any CPU
		{A860C58C-11CD-42DD-8305-A2A9DCBA2911}.Debug|x86.ActiveCfg = Debug|Any CPU
		{A860C58C-11CD-42DD-8305-A2A9DCBA2911}.Debug|x86.Build.0 = Debug|Any CPU
		{A860C58C-11CD-42DD-8305-A2A9DCBA2911}.Release|Any CPU.ActiveCfg = Release|Any CPU
		{A860C58C-11CD-42DD-8305-A2A9DCBA2911}.Release|Any CPU.Build.0 = Release|Any CPU
		{A860C58C-11CD-42DD-8305-A2A9DCBA2911}.Release|x64.ActiveCfg = Release|Any CPU
		{A860C58C-11CD-42DD-8305-A2A9DCBA2911}.Release|x64.Build.0 = Release|Any CPU
		{A860C58C-11CD-42DD-8305-A2A9DCBA2911}.Release|x86.ActiveCfg = Release|Any CPU
		{A860C58C-11CD-42DD-8305-A2A9DCBA2911}.Release|x86.Build.0 = Release|Any CPU
		{4F9E3B15-851D-4CFD-95EC-711A612BC004}.Debug|Any CPU.ActiveCfg = Debug|Any CPU
		{4F9E3B15-851D-4CFD-95EC-711A612BC004}.Debug|Any CPU.Build.0 = Debug|Any CPU
		{4F9E3B15-851D-4CFD-95EC-711A612BC004}.Debug|x64.ActiveCfg = Debug|Any CPU
		{4F9E3B15-851D-4CFD-95EC-711A612BC004}.Debug|x64.Build.0 = Debug|Any CPU
		{4F9E3B15-851D-4CFD-95EC-711A612BC004}.Debug|x86.ActiveCfg = Debug|Any CPU
		{4F9E3B15-851D-4CFD-95EC-711A612BC004}.Debug|x86.Build.0 = Debug|Any CPU
		{4F9E3B15-851D-4CFD-95EC-711A612BC004}.Release|Any CPU.ActiveCfg = Release|Any CPU
		{4F9E3B15-851D-4CFD-95EC-711A612BC004}.Release|Any CPU.Build.0 = Release|Any CPU
		{4F9E3B15-851D-4CFD-95EC-711A612BC004}.Release|x64.ActiveCfg = Release|Any CPU
		{4F9E3B15-851D-4CFD-95EC-711A612BC004}.Release|x64.Build.0 = Release|Any CPU
		{4F9E3B15-851D-4CFD-95EC-711A612BC004}.Release|x86.ActiveCfg = Release|Any CPU
		{4F9E3B15-851D-4CFD-95EC-711A612BC004}.Release|x86.Build.0 = Release|Any CPU
		{17E75BDF-8D7A-403A-A3B1-DFF27C3356C2}.Debug|Any CPU.ActiveCfg = Debug|Any CPU
		{17E75BDF-8D7A-403A-A3B1-DFF27C3356C2}.Debug|Any CPU.Build.0 = Debug|Any CPU
		{17E75BDF-8D7A-403A-A3B1-DFF27C3356C2}.Debug|x64.ActiveCfg = Debug|Any CPU
		{17E75BDF-8D7A-403A-A3B1-DFF27C3356C2}.Debug|x64.Build.0 = Debug|Any CPU
		{17E75BDF-8D7A-403A-A3B1-DFF27C3356C2}.Debug|x86.ActiveCfg = Debug|Any CPU
		{17E75BDF-8D7A-403A-A3B1-DFF27C3356C2}.Debug|x86.Build.0 = Debug|Any CPU
		{17E75BDF-8D7A-403A-A3B1-DFF27C3356C2}.Release|Any CPU.ActiveCfg = Release|Any CPU
		{17E75BDF-8D7A-403A-A3B1-DFF27C3356C2}.Release|Any CPU.Build.0 = Release|Any CPU
		{17E75BDF-8D7A-403A-A3B1-DFF27C3356C2}.Release|x64.ActiveCfg = Release|Any CPU
		{17E75BDF-8D7A-403A-A3B1-DFF27C3356C2}.Release|x64.Build.0 = Release|Any CPU
		{17E75BDF-8D7A-403A-A3B1-DFF27C3356C2}.Release|x86.ActiveCfg = Release|Any CPU
		{17E75BDF-8D7A-403A-A3B1-DFF27C3356C2}.Release|x86.Build.0 = Release|Any CPU
		{71B8F0D5-2528-4F99-AE6F-62541723CF6B}.Debug|Any CPU.ActiveCfg = Debug|Any CPU
		{71B8F0D5-2528-4F99-AE6F-62541723CF6B}.Debug|Any CPU.Build.0 = Debug|Any CPU
		{71B8F0D5-2528-4F99-AE6F-62541723CF6B}.Debug|x64.ActiveCfg = Debug|Any CPU
		{71B8F0D5-2528-4F99-AE6F-62541723CF6B}.Debug|x64.Build.0 = Debug|Any CPU
		{71B8F0D5-2528-4F99-AE6F-62541723CF6B}.Debug|x86.ActiveCfg = Debug|Any CPU
		{71B8F0D5-2528-4F99-AE6F-62541723CF6B}.Debug|x86.Build.0 = Debug|Any CPU
		{71B8F0D5-2528-4F99-AE6F-62541723CF6B}.Release|Any CPU.ActiveCfg = Release|Any CPU
		{71B8F0D5-2528-4F99-AE6F-62541723CF6B}.Release|Any CPU.Build.0 = Release|Any CPU
		{71B8F0D5-2528-4F99-AE6F-62541723CF6B}.Release|x64.ActiveCfg = Release|Any CPU
		{71B8F0D5-2528-4F99-AE6F-62541723CF6B}.Release|x64.Build.0 = Release|Any CPU
		{71B8F0D5-2528-4F99-AE6F-62541723CF6B}.Release|x86.ActiveCfg = Release|Any CPU
		{71B8F0D5-2528-4F99-AE6F-62541723CF6B}.Release|x86.Build.0 = Release|Any CPU
		{D85F46FB-372E-4F60-AD0D-9EB8E3FCD5A3}.Debug|Any CPU.ActiveCfg = Debug|Any CPU
		{D85F46FB-372E-4F60-AD0D-9EB8E3FCD5A3}.Debug|Any CPU.Build.0 = Debug|Any CPU
		{D85F46FB-372E-4F60-AD0D-9EB8E3FCD5A3}.Debug|x64.ActiveCfg = Debug|Any CPU
		{D85F46FB-372E-4F60-AD0D-9EB8E3FCD5A3}.Debug|x64.Build.0 = Debug|Any CPU
		{D85F46FB-372E-4F60-AD0D-9EB8E3FCD5A3}.Debug|x86.ActiveCfg = Debug|Any CPU
		{D85F46FB-372E-4F60-AD0D-9EB8E3FCD5A3}.Debug|x86.Build.0 = Debug|Any CPU
		{D85F46FB-372E-4F60-AD0D-9EB8E3FCD5A3}.Release|Any CPU.ActiveCfg = Release|Any CPU
		{D85F46FB-372E-4F60-AD0D-9EB8E3FCD5A3}.Release|Any CPU.Build.0 = Release|Any CPU
		{D85F46FB-372E-4F60-AD0D-9EB8E3FCD5A3}.Release|x64.ActiveCfg = Release|Any CPU
		{D85F46FB-372E-4F60-AD0D-9EB8E3FCD5A3}.Release|x64.Build.0 = Release|Any CPU
		{D85F46FB-372E-4F60-AD0D-9EB8E3FCD5A3}.Release|x86.ActiveCfg = Release|Any CPU
		{D85F46FB-372E-4F60-AD0D-9EB8E3FCD5A3}.Release|x86.Build.0 = Release|Any CPU
		{8A46F07C-0E32-4144-A23A-9C45CDFCC167}.Debug|Any CPU.ActiveCfg = Debug|Any CPU
		{8A46F07C-0E32-4144-A23A-9C45CDFCC167}.Debug|Any CPU.Build.0 = Debug|Any CPU
		{8A46F07C-0E32-4144-A23A-9C45CDFCC167}.Debug|x64.ActiveCfg = Debug|Any CPU
		{8A46F07C-0E32-4144-A23A-9C45CDFCC167}.Debug|x64.Build.0 = Debug|Any CPU
		{8A46F07C-0E32-4144-A23A-9C45CDFCC167}.Debug|x86.ActiveCfg = Debug|Any CPU
		{8A46F07C-0E32-4144-A23A-9C45CDFCC167}.Debug|x86.Build.0 = Debug|Any CPU
		{8A46F07C-0E32-4144-A23A-9C45CDFCC167}.Release|Any CPU.ActiveCfg = Release|Any CPU
		{8A46F07C-0E32-4144-A23A-9C45CDFCC167}.Release|Any CPU.Build.0 = Release|Any CPU
		{8A46F07C-0E32-4144-A23A-9C45CDFCC167}.Release|x64.ActiveCfg = Release|Any CPU
		{8A46F07C-0E32-4144-A23A-9C45CDFCC167}.Release|x64.Build.0 = Release|Any CPU
		{8A46F07C-0E32-4144-A23A-9C45CDFCC167}.Release|x86.ActiveCfg = Release|Any CPU
		{8A46F07C-0E32-4144-A23A-9C45CDFCC167}.Release|x86.Build.0 = Release|Any CPU
		{2F559784-6BFC-4527-82CE-2C5E0CE36C78}.Debug|Any CPU.ActiveCfg = Debug|Any CPU
		{2F559784-6BFC-4527-82CE-2C5E0CE36C78}.Debug|Any CPU.Build.0 = Debug|Any CPU
		{2F559784-6BFC-4527-82CE-2C5E0CE36C78}.Debug|x64.ActiveCfg = Debug|Any CPU
		{2F559784-6BFC-4527-82CE-2C5E0CE36C78}.Debug|x64.Build.0 = Debug|Any CPU
		{2F559784-6BFC-4527-82CE-2C5E0CE36C78}.Debug|x86.ActiveCfg = Debug|Any CPU
		{2F559784-6BFC-4527-82CE-2C5E0CE36C78}.Debug|x86.Build.0 = Debug|Any CPU
		{2F559784-6BFC-4527-82CE-2C5E0CE36C78}.Release|Any CPU.ActiveCfg = Release|Any CPU
		{2F559784-6BFC-4527-82CE-2C5E0CE36C78}.Release|Any CPU.Build.0 = Release|Any CPU
		{2F559784-6BFC-4527-82CE-2C5E0CE36C78}.Release|x64.ActiveCfg = Release|Any CPU
		{2F559784-6BFC-4527-82CE-2C5E0CE36C78}.Release|x64.Build.0 = Release|Any CPU
		{2F559784-6BFC-4527-82CE-2C5E0CE36C78}.Release|x86.ActiveCfg = Release|Any CPU
		{2F559784-6BFC-4527-82CE-2C5E0CE36C78}.Release|x86.Build.0 = Release|Any CPU
		{1567B6B6-CE83-4324-80DD-1C19544BB55A}.Debug|Any CPU.ActiveCfg = Debug|Any CPU
		{1567B6B6-CE83-4324-80DD-1C19544BB55A}.Debug|Any CPU.Build.0 = Debug|Any CPU
		{1567B6B6-CE83-4324-80DD-1C19544BB55A}.Debug|x64.ActiveCfg = Debug|Any CPU
		{1567B6B6-CE83-4324-80DD-1C19544BB55A}.Debug|x64.Build.0 = Debug|Any CPU
		{1567B6B6-CE83-4324-80DD-1C19544BB55A}.Debug|x86.ActiveCfg = Debug|Any CPU
		{1567B6B6-CE83-4324-80DD-1C19544BB55A}.Debug|x86.Build.0 = Debug|Any CPU
		{1567B6B6-CE83-4324-80DD-1C19544BB55A}.Release|Any CPU.ActiveCfg = Release|Any CPU
		{1567B6B6-CE83-4324-80DD-1C19544BB55A}.Release|Any CPU.Build.0 = Release|Any CPU
		{1567B6B6-CE83-4324-80DD-1C19544BB55A}.Release|x64.ActiveCfg = Release|Any CPU
		{1567B6B6-CE83-4324-80DD-1C19544BB55A}.Release|x64.Build.0 = Release|Any CPU
		{1567B6B6-CE83-4324-80DD-1C19544BB55A}.Release|x86.ActiveCfg = Release|Any CPU
		{1567B6B6-CE83-4324-80DD-1C19544BB55A}.Release|x86.Build.0 = Release|Any CPU
		{ECA0BD37-03B4-4BE1-8637-E42BBC9B2203}.Debug|Any CPU.ActiveCfg = Debug|Any CPU
		{ECA0BD37-03B4-4BE1-8637-E42BBC9B2203}.Debug|Any CPU.Build.0 = Debug|Any CPU
		{ECA0BD37-03B4-4BE1-8637-E42BBC9B2203}.Debug|x64.ActiveCfg = Debug|Any CPU
		{ECA0BD37-03B4-4BE1-8637-E42BBC9B2203}.Debug|x64.Build.0 = Debug|Any CPU
		{ECA0BD37-03B4-4BE1-8637-E42BBC9B2203}.Debug|x86.ActiveCfg = Debug|Any CPU
		{ECA0BD37-03B4-4BE1-8637-E42BBC9B2203}.Debug|x86.Build.0 = Debug|Any CPU
		{ECA0BD37-03B4-4BE1-8637-E42BBC9B2203}.Release|Any CPU.ActiveCfg = Release|Any CPU
		{ECA0BD37-03B4-4BE1-8637-E42BBC9B2203}.Release|Any CPU.Build.0 = Release|Any CPU
		{ECA0BD37-03B4-4BE1-8637-E42BBC9B2203}.Release|x64.ActiveCfg = Release|Any CPU
		{ECA0BD37-03B4-4BE1-8637-E42BBC9B2203}.Release|x64.Build.0 = Release|Any CPU
		{ECA0BD37-03B4-4BE1-8637-E42BBC9B2203}.Release|x86.ActiveCfg = Release|Any CPU
		{ECA0BD37-03B4-4BE1-8637-E42BBC9B2203}.Release|x86.Build.0 = Release|Any CPU
		{39256C44-0CD6-4EE3-B345-3DE44C892E4E}.Debug|Any CPU.ActiveCfg = Debug|Any CPU
		{39256C44-0CD6-4EE3-B345-3DE44C892E4E}.Debug|Any CPU.Build.0 = Debug|Any CPU
		{39256C44-0CD6-4EE3-B345-3DE44C892E4E}.Debug|x64.ActiveCfg = Debug|Any CPU
		{39256C44-0CD6-4EE3-B345-3DE44C892E4E}.Debug|x64.Build.0 = Debug|Any CPU
		{39256C44-0CD6-4EE3-B345-3DE44C892E4E}.Debug|x86.ActiveCfg = Debug|Any CPU
		{39256C44-0CD6-4EE3-B345-3DE44C892E4E}.Debug|x86.Build.0 = Debug|Any CPU
		{39256C44-0CD6-4EE3-B345-3DE44C892E4E}.Release|Any CPU.ActiveCfg = Release|Any CPU
		{39256C44-0CD6-4EE3-B345-3DE44C892E4E}.Release|Any CPU.Build.0 = Release|Any CPU
		{39256C44-0CD6-4EE3-B345-3DE44C892E4E}.Release|x64.ActiveCfg = Release|Any CPU
		{39256C44-0CD6-4EE3-B345-3DE44C892E4E}.Release|x64.Build.0 = Release|Any CPU
		{39256C44-0CD6-4EE3-B345-3DE44C892E4E}.Release|x86.ActiveCfg = Release|Any CPU
		{39256C44-0CD6-4EE3-B345-3DE44C892E4E}.Release|x86.Build.0 = Release|Any CPU
		{4B759D65-0F49-42E9-8B3B-41C05AA55450}.Debug|Any CPU.ActiveCfg = Debug|Any CPU
		{4B759D65-0F49-42E9-8B3B-41C05AA55450}.Debug|Any CPU.Build.0 = Debug|Any CPU
		{4B759D65-0F49-42E9-8B3B-41C05AA55450}.Debug|x64.ActiveCfg = Debug|Any CPU
		{4B759D65-0F49-42E9-8B3B-41C05AA55450}.Debug|x64.Build.0 = Debug|Any CPU
		{4B759D65-0F49-42E9-8B3B-41C05AA55450}.Debug|x86.ActiveCfg = Debug|Any CPU
		{4B759D65-0F49-42E9-8B3B-41C05AA55450}.Debug|x86.Build.0 = Debug|Any CPU
		{4B759D65-0F49-42E9-8B3B-41C05AA55450}.Release|Any CPU.ActiveCfg = Release|Any CPU
		{4B759D65-0F49-42E9-8B3B-41C05AA55450}.Release|Any CPU.Build.0 = Release|Any CPU
		{4B759D65-0F49-42E9-8B3B-41C05AA55450}.Release|x64.ActiveCfg = Release|Any CPU
		{4B759D65-0F49-42E9-8B3B-41C05AA55450}.Release|x64.Build.0 = Release|Any CPU
		{4B759D65-0F49-42E9-8B3B-41C05AA55450}.Release|x86.ActiveCfg = Release|Any CPU
		{4B759D65-0F49-42E9-8B3B-41C05AA55450}.Release|x86.Build.0 = Release|Any CPU
		{62D50A73-DF9D-4288-8FE0-48D719EEBAC9}.Debug|Any CPU.ActiveCfg = Debug|Any CPU
		{62D50A73-DF9D-4288-8FE0-48D719EEBAC9}.Debug|Any CPU.Build.0 = Debug|Any CPU
		{62D50A73-DF9D-4288-8FE0-48D719EEBAC9}.Debug|x64.ActiveCfg = Debug|Any CPU
		{62D50A73-DF9D-4288-8FE0-48D719EEBAC9}.Debug|x64.Build.0 = Debug|Any CPU
		{62D50A73-DF9D-4288-8FE0-48D719EEBAC9}.Debug|x86.ActiveCfg = Debug|Any CPU
		{62D50A73-DF9D-4288-8FE0-48D719EEBAC9}.Debug|x86.Build.0 = Debug|Any CPU
		{62D50A73-DF9D-4288-8FE0-48D719EEBAC9}.Release|Any CPU.ActiveCfg = Release|Any CPU
		{62D50A73-DF9D-4288-8FE0-48D719EEBAC9}.Release|Any CPU.Build.0 = Release|Any CPU
		{62D50A73-DF9D-4288-8FE0-48D719EEBAC9}.Release|x64.ActiveCfg = Release|Any CPU
		{62D50A73-DF9D-4288-8FE0-48D719EEBAC9}.Release|x64.Build.0 = Release|Any CPU
		{62D50A73-DF9D-4288-8FE0-48D719EEBAC9}.Release|x86.ActiveCfg = Release|Any CPU
		{62D50A73-DF9D-4288-8FE0-48D719EEBAC9}.Release|x86.Build.0 = Release|Any CPU
		{85314C56-E3FE-4E72-A490-7EA4F5E6BFF4}.Debug|Any CPU.ActiveCfg = Debug|Any CPU
		{85314C56-E3FE-4E72-A490-7EA4F5E6BFF4}.Debug|Any CPU.Build.0 = Debug|Any CPU
		{85314C56-E3FE-4E72-A490-7EA4F5E6BFF4}.Debug|x64.ActiveCfg = Debug|Any CPU
		{85314C56-E3FE-4E72-A490-7EA4F5E6BFF4}.Debug|x64.Build.0 = Debug|Any CPU
		{85314C56-E3FE-4E72-A490-7EA4F5E6BFF4}.Debug|x86.ActiveCfg = Debug|Any CPU
		{85314C56-E3FE-4E72-A490-7EA4F5E6BFF4}.Debug|x86.Build.0 = Debug|Any CPU
		{85314C56-E3FE-4E72-A490-7EA4F5E6BFF4}.Release|Any CPU.ActiveCfg = Release|Any CPU
		{85314C56-E3FE-4E72-A490-7EA4F5E6BFF4}.Release|Any CPU.Build.0 = Release|Any CPU
		{85314C56-E3FE-4E72-A490-7EA4F5E6BFF4}.Release|x64.ActiveCfg = Release|Any CPU
		{85314C56-E3FE-4E72-A490-7EA4F5E6BFF4}.Release|x64.Build.0 = Release|Any CPU
		{85314C56-E3FE-4E72-A490-7EA4F5E6BFF4}.Release|x86.ActiveCfg = Release|Any CPU
		{85314C56-E3FE-4E72-A490-7EA4F5E6BFF4}.Release|x86.Build.0 = Release|Any CPU
		{1D1CAC8F-4AD6-4C78-85E4-91164822A9CD}.Debug|Any CPU.ActiveCfg = Debug|Any CPU
		{1D1CAC8F-4AD6-4C78-85E4-91164822A9CD}.Debug|Any CPU.Build.0 = Debug|Any CPU
		{1D1CAC8F-4AD6-4C78-85E4-91164822A9CD}.Debug|x64.ActiveCfg = Debug|Any CPU
		{1D1CAC8F-4AD6-4C78-85E4-91164822A9CD}.Debug|x64.Build.0 = Debug|Any CPU
		{1D1CAC8F-4AD6-4C78-85E4-91164822A9CD}.Debug|x86.ActiveCfg = Debug|Any CPU
		{1D1CAC8F-4AD6-4C78-85E4-91164822A9CD}.Debug|x86.Build.0 = Debug|Any CPU
		{1D1CAC8F-4AD6-4C78-85E4-91164822A9CD}.Release|Any CPU.ActiveCfg = Release|Any CPU
		{1D1CAC8F-4AD6-4C78-85E4-91164822A9CD}.Release|Any CPU.Build.0 = Release|Any CPU
		{1D1CAC8F-4AD6-4C78-85E4-91164822A9CD}.Release|x64.ActiveCfg = Release|Any CPU
		{1D1CAC8F-4AD6-4C78-85E4-91164822A9CD}.Release|x64.Build.0 = Release|Any CPU
		{1D1CAC8F-4AD6-4C78-85E4-91164822A9CD}.Release|x86.ActiveCfg = Release|Any CPU
		{1D1CAC8F-4AD6-4C78-85E4-91164822A9CD}.Release|x86.Build.0 = Release|Any CPU
	EndGlobalSection
	GlobalSection(SolutionProperties) = preSolution
		HideSolutionNode = FALSE
	EndGlobalSection
	GlobalSection(NestedProjects) = preSolution
		{2B780C3E-E3AB-4370-AA0E-8C6F5D53BF38} = {E3AA0E11-2E8A-4FCC-ACF4-EC677A0F6D50}
		{37D1A31E-2A17-40BA-810F-4766A64F41C5} = {5CA40268-EB1E-47B0-A07D-DB7580586701}
		{4F9E3B15-851D-4CFD-95EC-711A612BC004} = {5CA40268-EB1E-47B0-A07D-DB7580586701}
		{17E75BDF-8D7A-403A-A3B1-DFF27C3356C2} = {5CA40268-EB1E-47B0-A07D-DB7580586701}
		{71B8F0D5-2528-4F99-AE6F-62541723CF6B} = {E3AA0E11-2E8A-4FCC-ACF4-EC677A0F6D50}
		{2F559784-6BFC-4527-82CE-2C5E0CE36C78} = {5CA40268-EB1E-47B0-A07D-DB7580586701}
		{ECA0BD37-03B4-4BE1-8637-E42BBC9B2203} = {E3AA0E11-2E8A-4FCC-ACF4-EC677A0F6D50}
		{39256C44-0CD6-4EE3-B345-3DE44C892E4E} = {1CFBDDEB-2336-4F36-B1C5-0FD6D8B1CA5B}
		{4B759D65-0F49-42E9-8B3B-41C05AA55450} = {E3AA0E11-2E8A-4FCC-ACF4-EC677A0F6D50}
		{62D50A73-DF9D-4288-8FE0-48D719EEBAC9} = {1CFBDDEB-2336-4F36-B1C5-0FD6D8B1CA5B}
		{1D1CAC8F-4AD6-4C78-85E4-91164822A9CD} = {5CA40268-EB1E-47B0-A07D-DB7580586701}
	EndGlobalSection
	GlobalSection(ExtensibilityGlobals) = postSolution
		SolutionGuid = {FDC54150-7118-4516-84CB-42665E5D5D8D}
	EndGlobalSection
EndGlobal
