
Microsoft Visual Studio Solution File, Format Version 12.00
# Visual Studio 15
VisualStudioVersion = 15.0.28307.168
MinimumVisualStudioVersion = 10.0.40219.1
Project("{9A19103F-16F7-4668-BE54-9A1E7A4F7556}") = "ReadProspectDB", "ReadProspectDB\ReadProspectDB.csproj", "{5BA73707-2F40-4ED9-8DDF-FD2F946C409A}"
EndProject
Project("{9A19103F-16F7-4668-BE54-9A1E7A4F7556}") = "Test1", "Test1\Test1.csproj", "{39AC1592-B3F9-4283-8B02-E3C93BC40509}"
EndProject
Project("{FAE04EC0-301F-11D3-BF4B-00C04F79EFBC}") = "Test2", "Test2\Test2.csproj", "{5CC98BCA-DBC3-4434-BCE1-7194F551EB0D}"
EndProject
Global
	GlobalSection(SolutionConfigurationPlatforms) = preSolution
		Debug|Any CPU = Debug|Any CPU
		Release|Any CPU = Release|Any CPU
	EndGlobalSection
	GlobalSection(ProjectConfigurationPlatforms) = postSolution
		{5BA73707-2F40-4ED9-8DDF-FD2F946C409A}.Debug|Any CPU.ActiveCfg = Debug|Any CPU
		{5BA73707-2F40-4ED9-8DDF-FD2F946C409A}.Debug|Any CPU.Build.0 = Debug|Any CPU
		{5BA73707-2F40-4ED9-8DDF-FD2F946C409A}.Release|Any CPU.ActiveCfg = Release|Any CPU
		{5BA73707-2F40-4ED9-8DDF-FD2F946C409A}.Release|Any CPU.Build.0 = Release|Any CPU
		{39AC1592-B3F9-4283-8B02-E3C93BC40509}.Debug|Any CPU.ActiveCfg = Debug|Any CPU
		{39AC1592-B3F9-4283-8B02-E3C93BC40509}.Debug|Any CPU.Build.0 = Debug|Any CPU
		{39AC1592-B3F9-4283-8B02-E3C93BC40509}.Release|Any CPU.ActiveCfg = Release|Any CPU
		{39AC1592-B3F9-4283-8B02-E3C93BC40509}.Release|Any CPU.Build.0 = Release|Any CPU
		{5CC98BCA-DBC3-4434-BCE1-7194F551EB0D}.Debug|Any CPU.ActiveCfg = Debug|Any CPU
		{5CC98BCA-DBC3-4434-BCE1-7194F551EB0D}.Debug|Any CPU.Build.0 = Debug|Any CPU
		{5CC98BCA-DBC3-4434-BCE1-7194F551EB0D}.Release|Any CPU.ActiveCfg = Release|Any CPU
		{5CC98BCA-DBC3-4434-BCE1-7194F551EB0D}.Release|Any CPU.Build.0 = Release|Any CPU
	EndGlobalSection
	GlobalSection(SolutionProperties) = preSolution
		HideSolutionNode = FALSE
	EndGlobalSection
	GlobalSection(ExtensibilityGlobals) = postSolution
		SolutionGuid = {115E450B-E455-475F-9B81-F11B550054F2}
	EndGlobalSection
EndGlobal
